// !$*UTF8*$!
{
	archiveVersion = 1;
	classes = {
	};
	objectVersion = 51;
	objects = {

/* Begin PBXBuildFile section */
		00F88AC9060C441A46064F4A /* Pods_AudioPlayer.framework in Frameworks */ = {isa = PBXBuildFile; fileRef = 00CB6A6E0205B8CFA47C0255 /* Pods_AudioPlayer.framework */; };
		D47B9D0326E9B34900E6DD16 /* NetworkService.swift in Sources */ = {isa = PBXBuildFile; fileRef = D47B9D0226E9B34900E6DD16 /* NetworkService.swift */; };
		D47B9D1B26E9BD4900E6DD16 /* SearchPresenter.swift in Sources */ = {isa = PBXBuildFile; fileRef = D47B9D1426E9BD4900E6DD16 /* SearchPresenter.swift */; };
		D47B9D1C26E9BD4900E6DD16 /* SearchWorker.swift in Sources */ = {isa = PBXBuildFile; fileRef = D47B9D1526E9BD4900E6DD16 /* SearchWorker.swift */; };
		D47B9D1D26E9BD4900E6DD16 /* SearchRouter.swift in Sources */ = {isa = PBXBuildFile; fileRef = D47B9D1626E9BD4900E6DD16 /* SearchRouter.swift */; };
		D47B9D1E26E9BD4900E6DD16 /* SearchModels.swift in Sources */ = {isa = PBXBuildFile; fileRef = D47B9D1726E9BD4900E6DD16 /* SearchModels.swift */; };
		D47B9D1F26E9BD4900E6DD16 /* SearchViewController.swift in Sources */ = {isa = PBXBuildFile; fileRef = D47B9D1826E9BD4900E6DD16 /* SearchViewController.swift */; };
		D47B9D2026E9BD4900E6DD16 /* SearchInteractor.swift in Sources */ = {isa = PBXBuildFile; fileRef = D47B9D1926E9BD4900E6DD16 /* SearchInteractor.swift */; };
		D47B9D2126E9BD4900E6DD16 /* SearchViewController.xib in Resources */ = {isa = PBXBuildFile; fileRef = D47B9D1A26E9BD4900E6DD16 /* SearchViewController.xib */; };
		D4A77F0E26E6629D002F263A /* SearchMusicViewController.swift in Sources */ = {isa = PBXBuildFile; fileRef = D4A77F0D26E6629D002F263A /* SearchMusicViewController.swift */; };
		D4A77F2726E67404002F263A /* Track.swift in Sources */ = {isa = PBXBuildFile; fileRef = D4A77F2626E67404002F263A /* Track.swift */; };
		D4A77F2926E6871F002F263A /* TrackDetailsViewController.swift in Sources */ = {isa = PBXBuildFile; fileRef = D4A77F2826E6871F002F263A /* TrackDetailsViewController.swift */; };
		D4B4B79126E5060A00954FF0 /* AppDelegate.swift in Sources */ = {isa = PBXBuildFile; fileRef = D4B4B79026E5060A00954FF0 /* AppDelegate.swift */; };
		D4B4B79326E5060A00954FF0 /* SceneDelegate.swift in Sources */ = {isa = PBXBuildFile; fileRef = D4B4B79226E5060A00954FF0 /* SceneDelegate.swift */; };
		D4B4B79826E5060A00954FF0 /* Main.storyboard in Resources */ = {isa = PBXBuildFile; fileRef = D4B4B79626E5060A00954FF0 /* Main.storyboard */; };
		D4B4B79A26E5060B00954FF0 /* Assets.xcassets in Resources */ = {isa = PBXBuildFile; fileRef = D4B4B79926E5060B00954FF0 /* Assets.xcassets */; };
		D4B4B79D26E5060B00954FF0 /* LaunchScreen.storyboard in Resources */ = {isa = PBXBuildFile; fileRef = D4B4B79B26E5060B00954FF0 /* LaunchScreen.storyboard */; };
		D4B4B7A526E5065500954FF0 /* AudioClass.swift in Sources */ = {isa = PBXBuildFile; fileRef = D4B4B7A426E5065500954FF0 /* AudioClass.swift */; };
/* End PBXBuildFile section */

/* Begin PBXFileReference section */
		00CB6A6E0205B8CFA47C0255 /* Pods_AudioPlayer.framework */ = {isa = PBXFileReference; explicitFileType = wrapper.framework; includeInIndex = 0; path = Pods_AudioPlayer.framework; sourceTree = BUILT_PRODUCTS_DIR; };
		0FCC6C776B325A2E80F1177C /* Pods-AudioPlayer.release.xcconfig */ = {isa = PBXFileReference; includeInIndex = 1; lastKnownFileType = text.xcconfig; name = "Pods-AudioPlayer.release.xcconfig"; path = "Target Support Files/Pods-AudioPlayer/Pods-AudioPlayer.release.xcconfig"; sourceTree = "<group>"; };
		5CE2D29B79E81FF45722B709 /* Pods-AudioPlayer.debug.xcconfig */ = {isa = PBXFileReference; includeInIndex = 1; lastKnownFileType = text.xcconfig; name = "Pods-AudioPlayer.debug.xcconfig"; path = "Target Support Files/Pods-AudioPlayer/Pods-AudioPlayer.debug.xcconfig"; sourceTree = "<group>"; };
		D47B9D0226E9B34900E6DD16 /* NetworkService.swift */ = {isa = PBXFileReference; lastKnownFileType = sourcecode.swift; path = NetworkService.swift; sourceTree = "<group>"; };
		D47B9D1426E9BD4900E6DD16 /* SearchPresenter.swift */ = {isa = PBXFileReference; lastKnownFileType = sourcecode.swift; path = SearchPresenter.swift; sourceTree = "<group>"; };
		D47B9D1526E9BD4900E6DD16 /* SearchWorker.swift */ = {isa = PBXFileReference; lastKnownFileType = sourcecode.swift; path = SearchWorker.swift; sourceTree = "<group>"; };
		D47B9D1626E9BD4900E6DD16 /* SearchRouter.swift */ = {isa = PBXFileReference; lastKnownFileType = sourcecode.swift; path = SearchRouter.swift; sourceTree = "<group>"; };
		D47B9D1726E9BD4900E6DD16 /* SearchModels.swift */ = {isa = PBXFileReference; lastKnownFileType = sourcecode.swift; path = SearchModels.swift; sourceTree = "<group>"; };
		D47B9D1826E9BD4900E6DD16 /* SearchViewController.swift */ = {isa = PBXFileReference; lastKnownFileType = sourcecode.swift; path = SearchViewController.swift; sourceTree = "<group>"; };
		D47B9D1926E9BD4900E6DD16 /* SearchInteractor.swift */ = {isa = PBXFileReference; lastKnownFileType = sourcecode.swift; path = SearchInteractor.swift; sourceTree = "<group>"; };
		D47B9D1A26E9BD4900E6DD16 /* SearchViewController.xib */ = {isa = PBXFileReference; lastKnownFileType = file.xib; path = SearchViewController.xib; sourceTree = "<group>"; };
		D4A77F0D26E6629D002F263A /* SearchMusicViewController.swift */ = {isa = PBXFileReference; lastKnownFileType = sourcecode.swift; path = SearchMusicViewController.swift; sourceTree = "<group>"; };
		D4A77F2626E67404002F263A /* Track.swift */ = {isa = PBXFileReference; lastKnownFileType = sourcecode.swift; path = Track.swift; sourceTree = "<group>"; };
		D4A77F2826E6871F002F263A /* TrackDetailsViewController.swift */ = {isa = PBXFileReference; lastKnownFileType = sourcecode.swift; path = TrackDetailsViewController.swift; sourceTree = "<group>"; };
		D4B4B78D26E5060900954FF0 /* AudioPlayer.app */ = {isa = PBXFileReference; explicitFileType = wrapper.application; includeInIndex = 0; path = AudioPlayer.app; sourceTree = BUILT_PRODUCTS_DIR; };
		D4B4B79026E5060A00954FF0 /* AppDelegate.swift */ = {isa = PBXFileReference; lastKnownFileType = sourcecode.swift; path = AppDelegate.swift; sourceTree = "<group>"; };
		D4B4B79226E5060A00954FF0 /* SceneDelegate.swift */ = {isa = PBXFileReference; lastKnownFileType = sourcecode.swift; path = SceneDelegate.swift; sourceTree = "<group>"; };
		D4B4B79726E5060A00954FF0 /* Base */ = {isa = PBXFileReference; lastKnownFileType = file.storyboard; name = Base; path = Base.lproj/Main.storyboard; sourceTree = "<group>"; };
		D4B4B79926E5060B00954FF0 /* Assets.xcassets */ = {isa = PBXFileReference; lastKnownFileType = folder.assetcatalog; path = Assets.xcassets; sourceTree = "<group>"; };
		D4B4B79C26E5060B00954FF0 /* Base */ = {isa = PBXFileReference; lastKnownFileType = file.storyboard; name = Base; path = Base.lproj/LaunchScreen.storyboard; sourceTree = "<group>"; };
		D4B4B79E26E5060B00954FF0 /* Info.plist */ = {isa = PBXFileReference; lastKnownFileType = text.plist.xml; path = Info.plist; sourceTree = "<group>"; };
		D4B4B7A426E5065500954FF0 /* AudioClass.swift */ = {isa = PBXFileReference; lastKnownFileType = sourcecode.swift; path = AudioClass.swift; sourceTree = "<group>"; };
/* End PBXFileReference section */

/* Begin PBXFrameworksBuildPhase section */
		D4B4B78A26E5060900954FF0 /* Frameworks */ = {
			isa = PBXFrameworksBuildPhase;
			buildActionMask = 2147483647;
			files = (
				00F88AC9060C441A46064F4A /* Pods_AudioPlayer.framework in Frameworks */,
			);
			runOnlyForDeploymentPostprocessing = 0;
		};
/* End PBXFrameworksBuildPhase section */

/* Begin PBXGroup section */
		58FA24761CFFC23486CFCBCE /* Frameworks */ = {
			isa = PBXGroup;
			children = (
				00CB6A6E0205B8CFA47C0255 /* Pods_AudioPlayer.framework */,
			);
			name = Frameworks;
			sourceTree = "<group>";
		};
		9FA5B7EB92BF656B8620A79C /* Pods */ = {
			isa = PBXGroup;
			children = (
				5CE2D29B79E81FF45722B709 /* Pods-AudioPlayer.debug.xcconfig */,
				0FCC6C776B325A2E80F1177C /* Pods-AudioPlayer.release.xcconfig */,
			);
			path = Pods;
			sourceTree = "<group>";
		};
		D47B9D0426E9BBB300E6DD16 /* Search */ = {
			isa = PBXGroup;
			children = (
				D47B9D1426E9BD4900E6DD16 /* SearchPresenter.swift */,
				D47B9D1526E9BD4900E6DD16 /* SearchWorker.swift */,
				D47B9D1626E9BD4900E6DD16 /* SearchRouter.swift */,
				D47B9D1726E9BD4900E6DD16 /* SearchModels.swift */,
				D47B9D1826E9BD4900E6DD16 /* SearchViewController.swift */,
				D47B9D1926E9BD4900E6DD16 /* SearchInteractor.swift */,
				D47B9D1A26E9BD4900E6DD16 /* SearchViewController.xib */,
			);
			path = Search;
			sourceTree = "<group>";
		};
		D47B9D1326E9BC8700E6DD16 /* Services */ = {
			isa = PBXGroup;
			children = (
				D47B9D0226E9B34900E6DD16 /* NetworkService.swift */,
			);
			name = Services;
			sourceTree = "<group>";
		};
		D4B4B78426E5060900954FF0 = {
			isa = PBXGroup;
			children = (
				D4B4B78F26E5060900954FF0 /* AudioPlayer */,
				D4B4B78E26E5060900954FF0 /* Products */,
				9FA5B7EB92BF656B8620A79C /* Pods */,
				58FA24761CFFC23486CFCBCE /* Frameworks */,
			);
			sourceTree = "<group>";
		};
		D4B4B78E26E5060900954FF0 /* Products */ = {
			isa = PBXGroup;
			children = (
				D4B4B78D26E5060900954FF0 /* AudioPlayer.app */,
			);
			name = Products;
			sourceTree = "<group>";
		};
		D4B4B78F26E5060900954FF0 /* AudioPlayer */ = {
			isa = PBXGroup;
			children = (
				D4B4B79026E5060A00954FF0 /* AppDelegate.swift */,
				D4B4B79226E5060A00954FF0 /* SceneDelegate.swift */,
				D4B4B79626E5060A00954FF0 /* Main.storyboard */,
				D47B9D1326E9BC8700E6DD16 /* Services */,
				D47B9D0426E9BBB300E6DD16 /* Search */,
				D4A77F0D26E6629D002F263A /* SearchMusicViewController.swift */,
				D4B4B7A426E5065500954FF0 /* AudioClass.swift */,
				D4B4B79926E5060B00954FF0 /* Assets.xcassets */,
				D4B4B79B26E5060B00954FF0 /* LaunchScreen.storyboard */,
				D4B4B79E26E5060B00954FF0 /* Info.plist */,
				D4A77F2626E67404002F263A /* Track.swift */,
				D4A77F2826E6871F002F263A /* TrackDetailsViewController.swift */,
			);
			path = AudioPlayer;
			sourceTree = "<group>";
		};
/* End PBXGroup section */

/* Begin PBXNativeTarget section */
		D4B4B78C26E5060900954FF0 /* AudioPlayer */ = {
			isa = PBXNativeTarget;
			buildConfigurationList = D4B4B7A126E5060B00954FF0 /* Build configuration list for PBXNativeTarget "AudioPlayer" */;
			buildPhases = (
				98BEAAC4AD3AA4F5F3107D0B /* [CP] Check Pods Manifest.lock */,
				D4B4B78926E5060900954FF0 /* Sources */,
				D4B4B78A26E5060900954FF0 /* Frameworks */,
				D4B4B78B26E5060900954FF0 /* Resources */,
				3E43A5636D01595F10887B40 /* [CP] Embed Pods Frameworks */,
			);
			buildRules = (
			);
			dependencies = (
			);
			name = AudioPlayer;
			productName = AudioPlayer;
			productReference = D4B4B78D26E5060900954FF0 /* AudioPlayer.app */;
			productType = "com.apple.product-type.application";
		};
/* End PBXNativeTarget section */

/* Begin PBXProject section */
		D4B4B78526E5060900954FF0 /* Project object */ = {
			isa = PBXProject;
			attributes = {
				KnownAssetTags = (
					cell,
				);
				LastSwiftUpdateCheck = 1250;
				LastUpgradeCheck = 1250;
				TargetAttributes = {
					D4B4B78C26E5060900954FF0 = {
						CreatedOnToolsVersion = 12.5.1;
					};
				};
			};
			buildConfigurationList = D4B4B78826E5060900954FF0 /* Build configuration list for PBXProject "AudioPlayer" */;
			compatibilityVersion = "Xcode 9.3";
			developmentRegion = en;
			hasScannedForEncodings = 0;
			knownRegions = (
				en,
				Base,
			);
			mainGroup = D4B4B78426E5060900954FF0;
			productRefGroup = D4B4B78E26E5060900954FF0 /* Products */;
			projectDirPath = "";
			projectRoot = "";
			targets = (
				D4B4B78C26E5060900954FF0 /* AudioPlayer */,
			);
		};
/* End PBXProject section */

/* Begin PBXResourcesBuildPhase section */
		D4B4B78B26E5060900954FF0 /* Resources */ = {
			isa = PBXResourcesBuildPhase;
			buildActionMask = 2147483647;
			files = (
				D4B4B79D26E5060B00954FF0 /* LaunchScreen.storyboard in Resources */,
				D4B4B79A26E5060B00954FF0 /* Assets.xcassets in Resources */,
				D47B9D2126E9BD4900E6DD16 /* SearchViewController.xib in Resources */,
				D4B4B79826E5060A00954FF0 /* Main.storyboard in Resources */,
			);
			runOnlyForDeploymentPostprocessing = 0;
		};
/* End PBXResourcesBuildPhase section */

/* Begin PBXShellScriptBuildPhase section */
		3E43A5636D01595F10887B40 /* [CP] Embed Pods Frameworks */ = {
			isa = PBXShellScriptBuildPhase;
			buildActionMask = 2147483647;
			files = (
			);
			inputFileListPaths = (
				"${PODS_ROOT}/Target Support Files/Pods-AudioPlayer/Pods-AudioPlayer-frameworks-${CONFIGURATION}-input-files.xcfilelist",
			);
			name = "[CP] Embed Pods Frameworks";
			outputFileListPaths = (
				"${PODS_ROOT}/Target Support Files/Pods-AudioPlayer/Pods-AudioPlayer-frameworks-${CONFIGURATION}-output-files.xcfilelist",
			);
			runOnlyForDeploymentPostprocessing = 0;
			shellPath = /bin/sh;
			shellScript = "\"${PODS_ROOT}/Target Support Files/Pods-AudioPlayer/Pods-AudioPlayer-frameworks.sh\"\n";
			showEnvVarsInLog = 0;
		};
		98BEAAC4AD3AA4F5F3107D0B /* [CP] Check Pods Manifest.lock */ = {
			isa = PBXShellScriptBuildPhase;
			buildActionMask = 2147483647;
			files = (
			);
			inputFileListPaths = (
			);
			inputPaths = (
				"${PODS_PODFILE_DIR_PATH}/Podfile.lock",
				"${PODS_ROOT}/Manifest.lock",
			);
			name = "[CP] Check Pods Manifest.lock";
			outputFileListPaths = (
			);
			outputPaths = (
				"$(DERIVED_FILE_DIR)/Pods-AudioPlayer-checkManifestLockResult.txt",
			);
			runOnlyForDeploymentPostprocessing = 0;
			shellPath = /bin/sh;
			shellScript = "diff \"${PODS_PODFILE_DIR_PATH}/Podfile.lock\" \"${PODS_ROOT}/Manifest.lock\" > /dev/null\nif [ $? != 0 ] ; then\n    # print error to STDERR\n    echo \"error: The sandbox is not in sync with the Podfile.lock. Run 'pod install' or update your CocoaPods installation.\" >&2\n    exit 1\nfi\n# This output is used by Xcode 'outputs' to avoid re-running this script phase.\necho \"SUCCESS\" > \"${SCRIPT_OUTPUT_FILE_0}\"\n";
			showEnvVarsInLog = 0;
		};
/* End PBXShellScriptBuildPhase section */

/* Begin PBXSourcesBuildPhase section */
		D4B4B78926E5060900954FF0 /* Sources */ = {
			isa = PBXSourcesBuildPhase;
			buildActionMask = 2147483647;
			files = (
				D4A77F0E26E6629D002F263A /* SearchMusicViewController.swift in Sources */,
				D4A77F2726E67404002F263A /* Track.swift in Sources */,
				D4B4B79126E5060A00954FF0 /* AppDelegate.swift in Sources */,
				D47B9D2026E9BD4900E6DD16 /* SearchInteractor.swift in Sources */,
				D4B4B79326E5060A00954FF0 /* SceneDelegate.swift in Sources */,
				D4A77F2926E6871F002F263A /* TrackDetailsViewController.swift in Sources */,
				D47B9D1C26E9BD4900E6DD16 /* SearchWorker.swift in Sources */,
				D47B9D1F26E9BD4900E6DD16 /* SearchViewController.swift in Sources */,
				D47B9D1D26E9BD4900E6DD16 /* SearchRouter.swift in Sources */,
				D47B9D1E26E9BD4900E6DD16 /* SearchModels.swift in Sources */,
				D4B4B7A526E5065500954FF0 /* AudioClass.swift in Sources */,
				D47B9D1B26E9BD4900E6DD16 /* SearchPresenter.swift in Sources */,
				D47B9D0326E9B34900E6DD16 /* NetworkService.swift in Sources */,
			);
			runOnlyForDeploymentPostprocessing = 0;
		};
/* End PBXSourcesBuildPhase section */

/* Begin PBXVariantGroup section */
		D4B4B79626E5060A00954FF0 /* Main.storyboard */ = {
			isa = PBXVariantGroup;
			children = (
				D4B4B79726E5060A00954FF0 /* Base */,
			);
			name = Main.storyboard;
			sourceTree = "<group>";
		};
		D4B4B79B26E5060B00954FF0 /* LaunchScreen.storyboard */ = {
			isa = PBXVariantGroup;
			children = (
				D4B4B79C26E5060B00954FF0 /* Base */,
			);
			name = LaunchScreen.storyboard;
			sourceTree = "<group>";
		};
/* End PBXVariantGroup section */

/* Begin XCBuildConfiguration section */
		D4B4B79F26E5060B00954FF0 /* Debug */ = {
			isa = XCBuildConfiguration;
			buildSettings = {
				ALWAYS_SEARCH_USER_PATHS = NO;
				CLANG_ANALYZER_NONNULL = YES;
				CLANG_ANALYZER_NUMBER_OBJECT_CONVERSION = YES_AGGRESSIVE;
				CLANG_CXX_LANGUAGE_STANDARD = "gnu++14";
				CLANG_CXX_LIBRARY = "libc++";
				CLANG_ENABLE_MODULES = YES;
				CLANG_ENABLE_OBJC_ARC = YES;
				CLANG_ENABLE_OBJC_WEAK = YES;
				CLANG_WARN_BLOCK_CAPTURE_AUTORELEASING = YES;
				CLANG_WARN_BOOL_CONVERSION = YES;
				CLANG_WARN_COMMA = YES;
				CLANG_WARN_CONSTANT_CONVERSION = YES;
				CLANG_WARN_DEPRECATED_OBJC_IMPLEMENTATIONS = YES;
				CLANG_WARN_DIRECT_OBJC_ISA_USAGE = YES_ERROR;
				CLANG_WARN_DOCUMENTATION_COMMENTS = YES;
				CLANG_WARN_EMPTY_BODY = YES;
				CLANG_WARN_ENUM_CONVERSION = YES;
				CLANG_WARN_INFINITE_RECURSION = YES;
				CLANG_WARN_INT_CONVERSION = YES;
				CLANG_WARN_NON_LITERAL_NULL_CONVERSION = YES;
				CLANG_WARN_OBJC_IMPLICIT_RETAIN_SELF = YES;
				CLANG_WARN_OBJC_LITERAL_CONVERSION = YES;
				CLANG_WARN_OBJC_ROOT_CLASS = YES_ERROR;
				CLANG_WARN_QUOTED_INCLUDE_IN_FRAMEWORK_HEADER = YES;
				CLANG_WARN_RANGE_LOOP_ANALYSIS = YES;
				CLANG_WARN_STRICT_PROTOTYPES = YES;
				CLANG_WARN_SUSPICIOUS_MOVE = YES;
				CLANG_WARN_UNGUARDED_AVAILABILITY = YES_AGGRESSIVE;
				CLANG_WARN_UNREACHABLE_CODE = YES;
				CLANG_WARN__DUPLICATE_METHOD_MATCH = YES;
				COPY_PHASE_STRIP = NO;
				DEBUG_INFORMATION_FORMAT = dwarf;
				ENABLE_STRICT_OBJC_MSGSEND = YES;
				ENABLE_TESTABILITY = YES;
				GCC_C_LANGUAGE_STANDARD = gnu11;
				GCC_DYNAMIC_NO_PIC = NO;
				GCC_NO_COMMON_BLOCKS = YES;
				GCC_OPTIMIZATION_LEVEL = 0;
				GCC_PREPROCESSOR_DEFINITIONS = (
					"DEBUG=1",
					"$(inherited)",
				);
				GCC_WARN_64_TO_32_BIT_CONVERSION = YES;
				GCC_WARN_ABOUT_RETURN_TYPE = YES_ERROR;
				GCC_WARN_UNDECLARED_SELECTOR = YES;
				GCC_WARN_UNINITIALIZED_AUTOS = YES_AGGRESSIVE;
				GCC_WARN_UNUSED_FUNCTION = YES;
				GCC_WARN_UNUSED_VARIABLE = YES;
				IPHONEOS_DEPLOYMENT_TARGET = 14.5;
				MTL_ENABLE_DEBUG_INFO = INCLUDE_SOURCE;
				MTL_FAST_MATH = YES;
				ONLY_ACTIVE_ARCH = YES;
				SDKROOT = iphoneos;
				SWIFT_ACTIVE_COMPILATION_CONDITIONS = DEBUG;
				SWIFT_OPTIMIZATION_LEVEL = "-Onone";
			};
			name = Debug;
		};
		D4B4B7A026E5060B00954FF0 /* Release */ = {
			isa = XCBuildConfiguration;
			buildSettings = {
				ALWAYS_SEARCH_USER_PATHS = NO;
				CLANG_ANALYZER_NONNULL = YES;
				CLANG_ANALYZER_NUMBER_OBJECT_CONVERSION = YES_AGGRESSIVE;
				CLANG_CXX_LANGUAGE_STANDARD = "gnu++14";
				CLANG_CXX_LIBRARY = "libc++";
				CLANG_ENABLE_MODULES = YES;
				CLANG_ENABLE_OBJC_ARC = YES;
				CLANG_ENABLE_OBJC_WEAK = YES;
				CLANG_WARN_BLOCK_CAPTURE_AUTORELEASING = YES;
				CLANG_WARN_BOOL_CONVERSION = YES;
				CLANG_WARN_COMMA = YES;
				CLANG_WARN_CONSTANT_CONVERSION = YES;
				CLANG_WARN_DEPRECATED_OBJC_IMPLEMENTATIONS = YES;
				CLANG_WARN_DIRECT_OBJC_ISA_USAGE = YES_ERROR;
				CLANG_WARN_DOCUMENTATION_COMMENTS = YES;
				CLANG_WARN_EMPTY_BODY = YES;
				CLANG_WARN_ENUM_CONVERSION = YES;
				CLANG_WARN_INFINITE_RECURSION = YES;
				CLANG_WARN_INT_CONVERSION = YES;
				CLANG_WARN_NON_LITERAL_NULL_CONVERSION = YES;
				CLANG_WARN_OBJC_IMPLICIT_RETAIN_SELF = YES;
				CLANG_WARN_OBJC_LITERAL_CONVERSION = YES;
				CLANG_WARN_OBJC_ROOT_CLASS = YES_ERROR;
				CLANG_WARN_QUOTED_INCLUDE_IN_FRAMEWORK_HEADER = YES;
				CLANG_WARN_RANGE_LOOP_ANALYSIS = YES;
				CLANG_WARN_STRICT_PROTOTYPES = YES;
				CLANG_WARN_SUSPICIOUS_MOVE = YES;
				CLANG_WARN_UNGUARDED_AVAILABILITY = YES_AGGRESSIVE;
				CLANG_WARN_UNREACHABLE_CODE = YES;
				CLANG_WARN__DUPLICATE_METHOD_MATCH = YES;
				COPY_PHASE_STRIP = NO;
				DEBUG_INFORMATION_FORMAT = "dwarf-with-dsym";
				ENABLE_NS_ASSERTIONS = NO;
				ENABLE_STRICT_OBJC_MSGSEND = YES;
				GCC_C_LANGUAGE_STANDARD = gnu11;
				GCC_NO_COMMON_BLOCKS = YES;
				GCC_WARN_64_TO_32_BIT_CONVERSION = YES;
				GCC_WARN_ABOUT_RETURN_TYPE = YES_ERROR;
				GCC_WARN_UNDECLARED_SELECTOR = YES;
				GCC_WARN_UNINITIALIZED_AUTOS = YES_AGGRESSIVE;
				GCC_WARN_UNUSED_FUNCTION = YES;
				GCC_WARN_UNUSED_VARIABLE = YES;
				IPHONEOS_DEPLOYMENT_TARGET = 14.5;
				MTL_ENABLE_DEBUG_INFO = NO;
				MTL_FAST_MATH = YES;
				SDKROOT = iphoneos;
				SWIFT_COMPILATION_MODE = wholemodule;
				SWIFT_OPTIMIZATION_LEVEL = "-O";
				VALIDATE_PRODUCT = YES;
			};
			name = Release;
		};
		D4B4B7A226E5060B00954FF0 /* Debug */ = {
			isa = XCBuildConfiguration;
			baseConfigurationReference = 5CE2D29B79E81FF45722B709 /* Pods-AudioPlayer.debug.xcconfig */;
			buildSettings = {
				ASSETCATALOG_COMPILER_APPICON_NAME = AppIcon;
				ASSETCATALOG_COMPILER_GLOBAL_ACCENT_COLOR_NAME = AccentColor;
				CODE_SIGN_STYLE = Automatic;
				DEVELOPMENT_TEAM = KK52K32PD5;
				INFOPLIST_FILE = AudioPlayer/Info.plist;
				LD_RUNPATH_SEARCH_PATHS = (
					"$(inherited)",
					"@executable_path/Frameworks",
				);
				PRODUCT_BUNDLE_IDENTIFIER = "Kirill-Zaborsky.AudioPlayer";
				PRODUCT_NAME = "$(TARGET_NAME)";
				SWIFT_VERSION = 5.0;
				TARGETED_DEVICE_FAMILY = "1,2";
			};
			name = Debug;
		};
		D4B4B7A326E5060B00954FF0 /* Release */ = {
			isa = XCBuildConfiguration;
			baseConfigurationReference = 0FCC6C776B325A2E80F1177C /* Pods-AudioPlayer.release.xcconfig */;
			buildSettings = {
				ASSETCATALOG_COMPILER_APPICON_NAME = AppIcon;
				ASSETCATALOG_COMPILER_GLOBAL_ACCENT_COLOR_NAME = AccentColor;
				CODE_SIGN_STYLE = Automatic;
				DEVELOPMENT_TEAM = KK52K32PD5;
				INFOPLIST_FILE = AudioPlayer/Info.plist;
				LD_RUNPATH_SEARCH_PATHS = (
					"$(inherited)",
					"@executable_path/Frameworks",
				);
				PRODUCT_BUNDLE_IDENTIFIER = "Kirill-Zaborsky.AudioPlayer";
				PRODUCT_NAME = "$(TARGET_NAME)";
				SWIFT_VERSION = 5.0;
				TARGETED_DEVICE_FAMILY = "1,2";
			};
			name = Release;
		};
/* End XCBuildConfiguration section */

/* Begin XCConfigurationList section */
		D4B4B78826E5060900954FF0 /* Build configuration list for PBXProject "AudioPlayer" */ = {
			isa = XCConfigurationList;
			buildConfigurations = (
				D4B4B79F26E5060B00954FF0 /* Debug */,
				D4B4B7A026E5060B00954FF0 /* Release */,
			);
			defaultConfigurationIsVisible = 0;
			defaultConfigurationName = Release;
		};
		D4B4B7A126E5060B00954FF0 /* Build configuration list for PBXNativeTarget "AudioPlayer" */ = {
			isa = XCConfigurationList;
			buildConfigurations = (
				D4B4B7A226E5060B00954FF0 /* Debug */,
				D4B4B7A326E5060B00954FF0 /* Release */,
			);
			defaultConfigurationIsVisible = 0;
			defaultConfigurationName = Release;
		};
/* End XCConfigurationList section */
	};
	rootObject = D4B4B78526E5060900954FF0 /* Project object */;
}
